// !$*UTF8*$!
{
	archiveVersion = 1;
	classes = {
	};
	objectVersion = 56;
	objects = {

/* Begin PBXBuildFile section */
		1EA465C52D3404B9007866ED /* Project8_MoonshotApp.swift in Sources */ = {isa = PBXBuildFile; fileRef = 1EA465C42D3404B9007866ED /* Project8_MoonshotApp.swift */; };
		1EA465C72D3404B9007866ED /* ContentView.swift in Sources */ = {isa = PBXBuildFile; fileRef = 1EA465C62D3404B9007866ED /* ContentView.swift */; };
		1EA465C92D3404C0007866ED /* Assets.xcassets in Resources */ = {isa = PBXBuildFile; fileRef = 1EA465C82D3404C0007866ED /* Assets.xcassets */; };
		1EA465CC2D3404C0007866ED /* Preview Assets.xcassets in Resources */ = {isa = PBXBuildFile; fileRef = 1EA465CB2D3404C0007866ED /* Preview Assets.xcassets */; };
		1EA465D42D3417CA007866ED /* missions.json in Resources */ = {isa = PBXBuildFile; fileRef = 1EA465D22D3417C9007866ED /* missions.json */; };
		1EA465D52D3417CA007866ED /* astronauts.json in Resources */ = {isa = PBXBuildFile; fileRef = 1EA465D32D3417CA007866ED /* astronauts.json */; };
		1EA465D72D341845007866ED /* Astraunaut.swift in Sources */ = {isa = PBXBuildFile; fileRef = 1EA465D62D341845007866ED /* Astraunaut.swift */; };
		1EA465D92D3418C8007866ED /* Bundle-Decodable.swift in Sources */ = {isa = PBXBuildFile; fileRef = 1EA465D82D3418C8007866ED /* Bundle-Decodable.swift */; };
		1EA465DB2D3420AF007866ED /* Mission.swift in Sources */ = {isa = PBXBuildFile; fileRef = 1EA465DA2D3420AF007866ED /* Mission.swift */; };
		1EA465DD2D342B09007866ED /* Color-Theme.swift in Sources */ = {isa = PBXBuildFile; fileRef = 1EA465DC2D342B09007866ED /* Color-Theme.swift */; };
		1EA465DF2D342E64007866ED /* MissionView.swift in Sources */ = {isa = PBXBuildFile; fileRef = 1EA465DE2D342E64007866ED /* MissionView.swift */; };
		1EA465E12D343954007866ED /* AstronautView.swift in Sources */ = {isa = PBXBuildFile; fileRef = 1EA465E02D343954007866ED /* AstronautView.swift */; };
/* End PBXBuildFile section */

/* Begin PBXFileReference section */
		1EA465C12D3404B9007866ED /* Project8_Moonshot.app */ = {isa = PBXFileReference; explicitFileType = wrapper.application; includeInIndex = 0; path = Project8_Moonshot.app; sourceTree = BUILT_PRODUCTS_DIR; };
		1EA465C42D3404B9007866ED /* Project8_MoonshotApp.swift */ = {isa = PBXFileReference; lastKnownFileType = sourcecode.swift; path = Project8_MoonshotApp.swift; sourceTree = "<group>"; };
		1EA465C62D3404B9007866ED /* ContentView.swift */ = {isa = PBXFileReference; lastKnownFileType = sourcecode.swift; path = ContentView.swift; sourceTree = "<group>"; };
		1EA465C82D3404C0007866ED /* Assets.xcassets */ = {isa = PBXFileReference; lastKnownFileType = folder.assetcatalog; path = Assets.xcassets; sourceTree = "<group>"; };
		1EA465CB2D3404C0007866ED /* Preview Assets.xcassets */ = {isa = PBXFileReference; lastKnownFileType = folder.assetcatalog; path = "Preview Assets.xcassets"; sourceTree = "<group>"; };
		1EA465D22D3417C9007866ED /* missions.json */ = {isa = PBXFileReference; fileEncoding = 4; lastKnownFileType = text.json; path = missions.json; sourceTree = "<group>"; };
		1EA465D32D3417CA007866ED /* astronauts.json */ = {isa = PBXFileReference; fileEncoding = 4; lastKnownFileType = text.json; path = astronauts.json; sourceTree = "<group>"; };
		1EA465D62D341845007866ED /* Astraunaut.swift */ = {isa = PBXFileReference; lastKnownFileType = sourcecode.swift; path = Astraunaut.swift; sourceTree = "<group>"; };
		1EA465D82D3418C8007866ED /* Bundle-Decodable.swift */ = {isa = PBXFileReference; lastKnownFileType = sourcecode.swift; path = "Bundle-Decodable.swift"; sourceTree = "<group>"; };
		1EA465DA2D3420AF007866ED /* Mission.swift */ = {isa = PBXFileReference; lastKnownFileType = sourcecode.swift; path = Mission.swift; sourceTree = "<group>"; };
		1EA465DC2D342B09007866ED /* Color-Theme.swift */ = {isa = PBXFileReference; lastKnownFileType = sourcecode.swift; path = "Color-Theme.swift"; sourceTree = "<group>"; };
		1EA465DE2D342E64007866ED /* MissionView.swift */ = {isa = PBXFileReference; lastKnownFileType = sourcecode.swift; path = MissionView.swift; sourceTree = "<group>"; };
		1EA465E02D343954007866ED /* AstronautView.swift */ = {isa = PBXFileReference; lastKnownFileType = sourcecode.swift; path = AstronautView.swift; sourceTree = "<group>"; };
/* End PBXFileReference section */

/* Begin PBXFrameworksBuildPhase section */
		1EA465BE2D3404B9007866ED /* Frameworks */ = {
			isa = PBXFrameworksBuildPhase;
			buildActionMask = 2147483647;
			files = (
			);
			runOnlyForDeploymentPostprocessing = 0;
		};
/* End PBXFrameworksBuildPhase section */

/* Begin PBXGroup section */
		1EA465B82D3404B9007866ED = {
			isa = PBXGroup;
			children = (
				1EA465C32D3404B9007866ED /* Project8_Moonshot */,
				1EA465C22D3404B9007866ED /* Products */,
			);
			sourceTree = "<group>";
		};
		1EA465C22D3404B9007866ED /* Products */ = {
			isa = PBXGroup;
			children = (
				1EA465C12D3404B9007866ED /* Project8_Moonshot.app */,
			);
			name = Products;
			sourceTree = "<group>";
		};
		1EA465C32D3404B9007866ED /* Project8_Moonshot */ = {
			isa = PBXGroup;
			children = (
				1EA465C42D3404B9007866ED /* Project8_MoonshotApp.swift */,
				1EA465C62D3404B9007866ED /* ContentView.swift */,
				1EA465DE2D342E64007866ED /* MissionView.swift */,
				1EA465E02D343954007866ED /* AstronautView.swift */,
				1EA465DC2D342B09007866ED /* Color-Theme.swift */,
				1EA465D32D3417CA007866ED /* astronauts.json */,
				1EA465D22D3417C9007866ED /* missions.json */,
				1EA465C82D3404C0007866ED /* Assets.xcassets */,
				1EA465D62D341845007866ED /* Astraunaut.swift */,
				1EA465D82D3418C8007866ED /* Bundle-Decodable.swift */,
				1EA465DA2D3420AF007866ED /* Mission.swift */,
				1EA465CA2D3404C0007866ED /* Preview Content */,
			);
			path = Project8_Moonshot;
			sourceTree = "<group>";
		};
		1EA465CA2D3404C0007866ED /* Preview Content */ = {
			isa = PBXGroup;
			children = (
				1EA465CB2D3404C0007866ED /* Preview Assets.xcassets */,
			);
			path = "Preview Content";
			sourceTree = "<group>";
		};
/* End PBXGroup section */

/* Begin PBXNativeTarget section */
		1EA465C02D3404B9007866ED /* Project8_Moonshot */ = {
			isa = PBXNativeTarget;
			buildConfigurationList = 1EA465CF2D3404C0007866ED /* Build configuration list for PBXNativeTarget "Project8_Moonshot" */;
			buildPhases = (
				1EA465BD2D3404B9007866ED /* Sources */,
				1EA465BE2D3404B9007866ED /* Frameworks */,
				1EA465BF2D3404B9007866ED /* Resources */,
			);
			buildRules = (
			);
			dependencies = (
			);
			name = Project8_Moonshot;
			productName = Project8_Moonshot;
			productReference = 1EA465C12D3404B9007866ED /* Project8_Moonshot.app */;
			productType = "com.apple.product-type.application";
		};
/* End PBXNativeTarget section */

/* Begin PBXProject section */
		1EA465B92D3404B9007866ED /* Project object */ = {
			isa = PBXProject;
			attributes = {
				BuildIndependentTargetsInParallel = 1;
				LastSwiftUpdateCheck = 1520;
				LastUpgradeCheck = 1520;
				TargetAttributes = {
					1EA465C02D3404B9007866ED = {
						CreatedOnToolsVersion = 15.2;
					};
				};
			};
			buildConfigurationList = 1EA465BC2D3404B9007866ED /* Build configuration list for PBXProject "Project8_Moonshot" */;
			compatibilityVersion = "Xcode 14.0";
			developmentRegion = en;
			hasScannedForEncodings = 0;
			knownRegions = (
				en,
				Base,
			);
			mainGroup = 1EA465B82D3404B9007866ED;
			productRefGroup = 1EA465C22D3404B9007866ED /* Products */;
			projectDirPath = "";
			projectRoot = "";
			targets = (
				1EA465C02D3404B9007866ED /* Project8_Moonshot */,
			);
		};
/* End PBXProject section */

/* Begin PBXResourcesBuildPhase section */
		1EA465BF2D3404B9007866ED /* Resources */ = {
			isa = PBXResourcesBuildPhase;
			buildActionMask = 2147483647;
			files = (
				1EA465CC2D3404C0007866ED /* Preview Assets.xcassets in Resources */,
				1EA465D42D3417CA007866ED /* missions.json in Resources */,
				1EA465C92D3404C0007866ED /* Assets.xcassets in Resources */,
				1EA465D52D3417CA007866ED /* astronauts.json in Resources */,
			);
			runOnlyForDeploymentPostprocessing = 0;
		};
/* End PBXResourcesBuildPhase section */

/* Begin PBXSourcesBuildPhase section */
		1EA465BD2D3404B9007866ED /* Sources */ = {
			isa = PBXSourcesBuildPhase;
			buildActionMask = 2147483647;
			files = (
				1EA465DF2D342E64007866ED /* MissionView.swift in Sources */,
				1EA465C72D3404B9007866ED /* ContentView.swift in Sources */,
				1EA465E12D343954007866ED /* AstronautView.swift in Sources */,
				1EA465DD2D342B09007866ED /* Color-Theme.swift in Sources */,
				1EA465D72D341845007866ED /* Astraunaut.swift in Sources */,
				1EA465C52D3404B9007866ED /* Project8_MoonshotApp.swift in Sources */,
				1EA465DB2D3420AF007866ED /* Mission.swift in Sources */,
				1EA465D92D3418C8007866ED /* Bundle-Decodable.swift in Sources */,
			);
			runOnlyForDeploymentPostprocessing = 0;
		};
/* End PBXSourcesBuildPhase section */

/* Begin XCBuildConfiguration section */
		1EA465CD2D3404C0007866ED /* Debug */ = {
			isa = XCBuildConfiguration;
			buildSettings = {
				ALWAYS_SEARCH_USER_PATHS = NO;
				ASSETCATALOG_COMPILER_GENERATE_SWIFT_ASSET_SYMBOL_EXTENSIONS = YES;
				CLANG_ANALYZER_NONNULL = YES;
				CLANG_ANALYZER_NUMBER_OBJECT_CONVERSION = YES_AGGRESSIVE;
				CLANG_CXX_LANGUAGE_STANDARD = "gnu++20";
				CLANG_ENABLE_MODULES = YES;
				CLANG_ENABLE_OBJC_ARC = YES;
				CLANG_ENABLE_OBJC_WEAK = YES;
				CLANG_WARN_BLOCK_CAPTURE_AUTORELEASING = YES;
				CLANG_WARN_BOOL_CONVERSION = YES;
				CLANG_WARN_COMMA = YES;
				CLANG_WARN_CONSTANT_CONVERSION = YES;
				CLANG_WARN_DEPRECATED_OBJC_IMPLEMENTATIONS = YES;
				CLANG_WARN_DIRECT_OBJC_ISA_USAGE = YES_ERROR;
				CLANG_WARN_DOCUMENTATION_COMMENTS = YES;
				CLANG_WARN_EMPTY_BODY = YES;
				CLANG_WARN_ENUM_CONVERSION = YES;
				CLANG_WARN_INFINITE_RECURSION = YES;
				CLANG_WARN_INT_CONVERSION = YES;
				CLANG_WARN_NON_LITERAL_NULL_CONVERSION = YES;
				CLANG_WARN_OBJC_IMPLICIT_RETAIN_SELF = YES;
				CLANG_WARN_OBJC_LITERAL_CONVERSION = YES;
				CLANG_WARN_OBJC_ROOT_CLASS = YES_ERROR;
				CLANG_WARN_QUOTED_INCLUDE_IN_FRAMEWORK_HEADER = YES;
				CLANG_WARN_RANGE_LOOP_ANALYSIS = YES;
				CLANG_WARN_STRICT_PROTOTYPES = YES;
				CLANG_WARN_SUSPICIOUS_MOVE = YES;
				CLANG_WARN_UNGUARDED_AVAILABILITY = YES_AGGRESSIVE;
				CLANG_WARN_UNREACHABLE_CODE = YES;
				CLANG_WARN__DUPLICATE_METHOD_MATCH = YES;
				COPY_PHASE_STRIP = NO;
				DEBUG_INFORMATION_FORMAT = dwarf;
				ENABLE_STRICT_OBJC_MSGSEND = YES;
				ENABLE_TESTABILITY = YES;
				ENABLE_USER_SCRIPT_SANDBOXING = YES;
				GCC_C_LANGUAGE_STANDARD = gnu17;
				GCC_DYNAMIC_NO_PIC = NO;
				GCC_NO_COMMON_BLOCKS = YES;
				GCC_OPTIMIZATION_LEVEL = 0;
				GCC_PREPROCESSOR_DEFINITIONS = (
					"DEBUG=1",
					"$(inherited)",
				);
				GCC_WARN_64_TO_32_BIT_CONVERSION = YES;
				GCC_WARN_ABOUT_RETURN_TYPE = YES_ERROR;
				GCC_WARN_UNDECLARED_SELECTOR = YES;
				GCC_WARN_UNINITIALIZED_AUTOS = YES_AGGRESSIVE;
				GCC_WARN_UNUSED_FUNCTION = YES;
				GCC_WARN_UNUSED_VARIABLE = YES;
				IPHONEOS_DEPLOYMENT_TARGET = 17.2;
				LOCALIZATION_PREFERS_STRING_CATALOGS = YES;
				MTL_ENABLE_DEBUG_INFO = INCLUDE_SOURCE;
				MTL_FAST_MATH = YES;
				ONLY_ACTIVE_ARCH = YES;
				SDKROOT = iphoneos;
				SWIFT_ACTIVE_COMPILATION_CONDITIONS = "DEBUG $(inherited)";
				SWIFT_OPTIMIZATION_LEVEL = "-Onone";
			};
			name = Debug;
		};
		1EA465CE2D3404C0007866ED /* Release */ = {
			isa = XCBuildConfiguration;
			buildSettings = {
				ALWAYS_SEARCH_USER_PATHS = NO;
				ASSETCATALOG_COMPILER_GENERATE_SWIFT_ASSET_SYMBOL_EXTENSIONS = YES;
				CLANG_ANALYZER_NONNULL = YES;
				CLANG_ANALYZER_NUMBER_OBJECT_CONVERSION = YES_AGGRESSIVE;
				CLANG_CXX_LANGUAGE_STANDARD = "gnu++20";
				CLANG_ENABLE_MODULES = YES;
				CLANG_ENABLE_OBJC_ARC = YES;
				CLANG_ENABLE_OBJC_WEAK = YES;
				CLANG_WARN_BLOCK_CAPTURE_AUTORELEASING = YES;
				CLANG_WARN_BOOL_CONVERSION = YES;
				CLANG_WARN_COMMA = YES;
				CLANG_WARN_CONSTANT_CONVERSION = YES;
				CLANG_WARN_DEPRECATED_OBJC_IMPLEMENTATIONS = YES;
				CLANG_WARN_DIRECT_OBJC_ISA_USAGE = YES_ERROR;
				CLANG_WARN_DOCUMENTATION_COMMENTS = YES;
				CLANG_WARN_EMPTY_BODY = YES;
				CLANG_WARN_ENUM_CONVERSION = YES;
				CLANG_WARN_INFINITE_RECURSION = YES;
				CLANG_WARN_INT_CONVERSION = YES;
				CLANG_WARN_NON_LITERAL_NULL_CONVERSION = YES;
				CLANG_WARN_OBJC_IMPLICIT_RETAIN_SELF = YES;
				CLANG_WARN_OBJC_LITERAL_CONVERSION = YES;
				CLANG_WARN_OBJC_ROOT_CLASS = YES_ERROR;
				CLANG_WARN_QUOTED_INCLUDE_IN_FRAMEWORK_HEADER = YES;
				CLANG_WARN_RANGE_LOOP_ANALYSIS = YES;
				CLANG_WARN_STRICT_PROTOTYPES = YES;
				CLANG_WARN_SUSPICIOUS_MOVE = YES;
				CLANG_WARN_UNGUARDED_AVAILABILITY = YES_AGGRESSIVE;
				CLANG_WARN_UNREACHABLE_CODE = YES;
				CLANG_WARN__DUPLICATE_METHOD_MATCH = YES;
				COPY_PHASE_STRIP = NO;
				DEBUG_INFORMATION_FORMAT = "dwarf-with-dsym";
				ENABLE_NS_ASSERTIONS = NO;
				ENABLE_STRICT_OBJC_MSGSEND = YES;
				ENABLE_USER_SCRIPT_SANDBOXING = YES;
				GCC_C_LANGUAGE_STANDARD = gnu17;
				GCC_NO_COMMON_BLOCKS = YES;
				GCC_WARN_64_TO_32_BIT_CONVERSION = YES;
				GCC_WARN_ABOUT_RETURN_TYPE = YES_ERROR;
				GCC_WARN_UNDECLARED_SELECTOR = YES;
				GCC_WARN_UNINITIALIZED_AUTOS = YES_AGGRESSIVE;
				GCC_WARN_UNUSED_FUNCTION = YES;
				GCC_WARN_UNUSED_VARIABLE = YES;
				IPHONEOS_DEPLOYMENT_TARGET = 17.2;
				LOCALIZATION_PREFERS_STRING_CATALOGS = YES;
				MTL_ENABLE_DEBUG_INFO = NO;
				MTL_FAST_MATH = YES;
				SDKROOT = iphoneos;
				SWIFT_COMPILATION_MODE = wholemodule;
				VALIDATE_PRODUCT = YES;
			};
			name = Release;
		};
		1EA465D02D3404C0007866ED /* Debug */ = {
			isa = XCBuildConfiguration;
			buildSettings = {
				ASSETCATALOG_COMPILER_APPICON_NAME = AppIcon;
				ASSETCATALOG_COMPILER_GLOBAL_ACCENT_COLOR_NAME = AccentColor;
				CODE_SIGN_STYLE = Automatic;
				CURRENT_PROJECT_VERSION = 1;
				DEVELOPMENT_ASSET_PATHS = "\"Project8_Moonshot/Preview Content\"";
				DEVELOPMENT_TEAM = JG8KZK844U;
				ENABLE_PREVIEWS = YES;
				GENERATE_INFOPLIST_FILE = YES;
				INFOPLIST_KEY_UIApplicationSceneManifest_Generation = YES;
				INFOPLIST_KEY_UIApplicationSupportsIndirectInputEvents = YES;
				INFOPLIST_KEY_UILaunchScreen_Generation = YES;
				INFOPLIST_KEY_UISupportedInterfaceOrientations_iPad = "UIInterfaceOrientationPortrait UIInterfaceOrientationPortraitUpsideDown UIInterfaceOrientationLandscapeLeft UIInterfaceOrientationLandscapeRight";
				INFOPLIST_KEY_UISupportedInterfaceOrientations_iPhone = "UIInterfaceOrientationPortrait UIInterfaceOrientationLandscapeLeft UIInterfaceOrientationLandscapeRight";
				LD_RUNPATH_SEARCH_PATHS = (
					"$(inherited)",
					"@executable_path/Frameworks",
				);
				MARKETING_VERSION = 1.0;
				PRODUCT_BUNDLE_IDENTIFIER = "com.studyduude.Project8-Moonshot";
				PRODUCT_NAME = "$(TARGET_NAME)";
				SWIFT_EMIT_LOC_STRINGS = YES;
				SWIFT_VERSION = 5.0;
				TARGETED_DEVICE_FAMILY = "1,2";
			};
			name = Debug;
		};
		1EA465D12D3404C0007866ED /* Release */ = {
			isa = XCBuildConfiguration;
			buildSettings = {
				ASSETCATALOG_COMPILER_APPICON_NAME = AppIcon;
				ASSETCATALOG_COMPILER_GLOBAL_ACCENT_COLOR_NAME = AccentColor;
				CODE_SIGN_STYLE = Automatic;
				CURRENT_PROJECT_VERSION = 1;
				DEVELOPMENT_ASSET_PATHS = "\"Project8_Moonshot/Preview Content\"";
				DEVELOPMENT_TEAM = JG8KZK844U;
				ENABLE_PREVIEWS = YES;
				GENERATE_INFOPLIST_FILE = YES;
				INFOPLIST_KEY_UIApplicationSceneManifest_Generation = YES;
				INFOPLIST_KEY_UIApplicationSupportsIndirectInputEvents = YES;
				INFOPLIST_KEY_UILaunchScreen_Generation = YES;
				INFOPLIST_KEY_UISupportedInterfaceOrientations_iPad = "UIInterfaceOrientationPortrait UIInterfaceOrientationPortraitUpsideDown UIInterfaceOrientationLandscapeLeft UIInterfaceOrientationLandscapeRight";
				INFOPLIST_KEY_UISupportedInterfaceOrientations_iPhone = "UIInterfaceOrientationPortrait UIInterfaceOrientationLandscapeLeft UIInterfaceOrientationLandscapeRight";
				LD_RUNPATH_SEARCH_PATHS = (
					"$(inherited)",
					"@executable_path/Frameworks",
				);
				MARKETING_VERSION = 1.0;
				PRODUCT_BUNDLE_IDENTIFIER = "com.studyduude.Project8-Moonshot";
				PRODUCT_NAME = "$(TARGET_NAME)";
				SWIFT_EMIT_LOC_STRINGS = YES;
				SWIFT_VERSION = 5.0;
				TARGETED_DEVICE_FAMILY = "1,2";
			};
			name = Release;
		};
/* End XCBuildConfiguration section */

/* Begin XCConfigurationList section */
		1EA465BC2D3404B9007866ED /* Build configuration list for PBXProject "Project8_Moonshot" */ = {
			isa = XCConfigurationList;
			buildConfigurations = (
				1EA465CD2D3404C0007866ED /* Debug */,
				1EA465CE2D3404C0007866ED /* Release */,
			);
			defaultConfigurationIsVisible = 0;
			defaultConfigurationName = Release;
		};
		1EA465CF2D3404C0007866ED /* Build configuration list for PBXNativeTarget "Project8_Moonshot" */ = {
			isa = XCConfigurationList;
			buildConfigurations = (
				1EA465D02D3404C0007866ED /* Debug */,
				1EA465D12D3404C0007866ED /* Release */,
			);
			defaultConfigurationIsVisible = 0;
			defaultConfigurationName = Release;
		};
/* End XCConfigurationList section */
	};
	rootObject = 1EA465B92D3404B9007866ED /* Project object */;
}
