// !$*UTF8*$!
{
	archiveVersion = 1;
	classes = {
	};
	objectVersion = 56;
	objects = {

/* Begin PBXBuildFile section */
		1E041FA12D594EDA00AD86F9 /* Project14_BucketListApp.swift in Sources */ = {isa = PBXBuildFile; fileRef = 1E041FA02D594EDA00AD86F9 /* Project14_BucketListApp.swift */; };
		1E041FA32D594EDA00AD86F9 /* ContentView.swift in Sources */ = {isa = PBXBuildFile; fileRef = 1E041FA22D594EDA00AD86F9 /* ContentView.swift */; };
		1E041FA52D594EDF00AD86F9 /* Assets.xcassets in Resources */ = {isa = PBXBuildFile; fileRef = 1E041FA42D594EDF00AD86F9 /* Assets.xcassets */; };
		1E041FA82D594EDF00AD86F9 /* Preview Assets.xcassets in Resources */ = {isa = PBXBuildFile; fileRef = 1E041FA72D594EDF00AD86F9 /* Preview Assets.xcassets */; };
		1E041FAF2D5A49EA00AD86F9 /* Location.swift in Sources */ = {isa = PBXBuildFile; fileRef = 1E041FAE2D5A49EA00AD86F9 /* Location.swift */; };
		1E041FB12D5B6A7200AD86F9 /* EditView.swift in Sources */ = {isa = PBXBuildFile; fileRef = 1E041FB02D5B6A7200AD86F9 /* EditView.swift */; };
		1E041FB32D5B6F8200AD86F9 /* Result.swift in Sources */ = {isa = PBXBuildFile; fileRef = 1E041FB22D5B6F8200AD86F9 /* Result.swift */; };
		1E041FB52D5B943A00AD86F9 /* ContentView-ViewModel.swift in Sources */ = {isa = PBXBuildFile; fileRef = 1E041FB42D5B943A00AD86F9 /* ContentView-ViewModel.swift */; };
/* End PBXBuildFile section */

/* Begin PBXFileReference section */
		1E041F9D2D594EDA00AD86F9 /* Project14_BucketList.app */ = {isa = PBXFileReference; explicitFileType = wrapper.application; includeInIndex = 0; path = Project14_BucketList.app; sourceTree = BUILT_PRODUCTS_DIR; };
		1E041FA02D594EDA00AD86F9 /* Project14_BucketListApp.swift */ = {isa = PBXFileReference; lastKnownFileType = sourcecode.swift; path = Project14_BucketListApp.swift; sourceTree = "<group>"; };
		1E041FA22D594EDA00AD86F9 /* ContentView.swift */ = {isa = PBXFileReference; lastKnownFileType = sourcecode.swift; path = ContentView.swift; sourceTree = "<group>"; };
		1E041FA42D594EDF00AD86F9 /* Assets.xcassets */ = {isa = PBXFileReference; lastKnownFileType = folder.assetcatalog; path = Assets.xcassets; sourceTree = "<group>"; };
		1E041FA72D594EDF00AD86F9 /* Preview Assets.xcassets */ = {isa = PBXFileReference; lastKnownFileType = folder.assetcatalog; path = "Preview Assets.xcassets"; sourceTree = "<group>"; };
		1E041FAE2D5A49EA00AD86F9 /* Location.swift */ = {isa = PBXFileReference; lastKnownFileType = sourcecode.swift; path = Location.swift; sourceTree = "<group>"; };
		1E041FB02D5B6A7200AD86F9 /* EditView.swift */ = {isa = PBXFileReference; lastKnownFileType = sourcecode.swift; path = EditView.swift; sourceTree = "<group>"; };
		1E041FB22D5B6F8200AD86F9 /* Result.swift */ = {isa = PBXFileReference; lastKnownFileType = sourcecode.swift; path = Result.swift; sourceTree = "<group>"; };
		1E041FB42D5B943A00AD86F9 /* ContentView-ViewModel.swift */ = {isa = PBXFileReference; lastKnownFileType = sourcecode.swift; path = "ContentView-ViewModel.swift"; sourceTree = "<group>"; };
/* End PBXFileReference section */

/* Begin PBXFrameworksBuildPhase section */
		1E041F9A2D594EDA00AD86F9 /* Frameworks */ = {
			isa = PBXFrameworksBuildPhase;
			buildActionMask = 2147483647;
			files = (
			);
			runOnlyForDeploymentPostprocessing = 0;
		};
/* End PBXFrameworksBuildPhase section */

/* Begin PBXGroup section */
		1E041F942D594EDA00AD86F9 = {
			isa = PBXGroup;
			children = (
				1E041F9F2D594EDA00AD86F9 /* Project14_BucketList */,
				1E041F9E2D594EDA00AD86F9 /* Products */,
			);
			sourceTree = "<group>";
		};
		1E041F9E2D594EDA00AD86F9 /* Products */ = {
			isa = PBXGroup;
			children = (
				1E041F9D2D594EDA00AD86F9 /* Project14_BucketList.app */,
			);
			name = Products;
			sourceTree = "<group>";
		};
		1E041F9F2D594EDA00AD86F9 /* Project14_BucketList */ = {
			isa = PBXGroup;
			children = (
				1E041FA02D594EDA00AD86F9 /* Project14_BucketListApp.swift */,
				1E041FAE2D5A49EA00AD86F9 /* Location.swift */,
				1E041FA22D594EDA00AD86F9 /* ContentView.swift */,
				1E041FB02D5B6A7200AD86F9 /* EditView.swift */,
				1E041FB42D5B943A00AD86F9 /* ContentView-ViewModel.swift */,
				1E041FB22D5B6F8200AD86F9 /* Result.swift */,
				1E041FA42D594EDF00AD86F9 /* Assets.xcassets */,
				1E041FA62D594EDF00AD86F9 /* Preview Content */,
			);
			path = Project14_BucketList;
			sourceTree = "<group>";
		};
		1E041FA62D594EDF00AD86F9 /* Preview Content */ = {
			isa = PBXGroup;
			children = (
				1E041FA72D594EDF00AD86F9 /* Preview Assets.xcassets */,
			);
			path = "Preview Content";
			sourceTree = "<group>";
		};
/* End PBXGroup section */

/* Begin PBXNativeTarget section */
		1E041F9C2D594EDA00AD86F9 /* Project14_BucketList */ = {
			isa = PBXNativeTarget;
			buildConfigurationList = 1E041FAB2D594EDF00AD86F9 /* Build configuration list for PBXNativeTarget "Project14_BucketList" */;
			buildPhases = (
				1E041F992D594EDA00AD86F9 /* Sources */,
				1E041F9A2D594EDA00AD86F9 /* Frameworks */,
				1E041F9B2D594EDA00AD86F9 /* Resources */,
			);
			buildRules = (
			);
			dependencies = (
			);
			name = Project14_BucketList;
			productName = Project14_BucketList;
			productReference = 1E041F9D2D594EDA00AD86F9 /* Project14_BucketList.app */;
			productType = "com.apple.product-type.application";
		};
/* End PBXNativeTarget section */

/* Begin PBXProject section */
		1E041F952D594EDA00AD86F9 /* Project object */ = {
			isa = PBXProject;
			attributes = {
				BuildIndependentTargetsInParallel = 1;
				LastSwiftUpdateCheck = 1520;
				LastUpgradeCheck = 1520;
				TargetAttributes = {
					1E041F9C2D594EDA00AD86F9 = {
						CreatedOnToolsVersion = 15.2;
					};
				};
			};
			buildConfigurationList = 1E041F982D594EDA00AD86F9 /* Build configuration list for PBXProject "Project14_BucketList" */;
			compatibilityVersion = "Xcode 14.0";
			developmentRegion = en;
			hasScannedForEncodings = 0;
			knownRegions = (
				en,
				Base,
			);
			mainGroup = 1E041F942D594EDA00AD86F9;
			productRefGroup = 1E041F9E2D594EDA00AD86F9 /* Products */;
			projectDirPath = "";
			projectRoot = "";
			targets = (
				1E041F9C2D594EDA00AD86F9 /* Project14_BucketList */,
			);
		};
/* End PBXProject section */

/* Begin PBXResourcesBuildPhase section */
		1E041F9B2D594EDA00AD86F9 /* Resources */ = {
			isa = PBXResourcesBuildPhase;
			buildActionMask = 2147483647;
			files = (
				1E041FA82D594EDF00AD86F9 /* Preview Assets.xcassets in Resources */,
				1E041FA52D594EDF00AD86F9 /* Assets.xcassets in Resources */,
			);
			runOnlyForDeploymentPostprocessing = 0;
		};
/* End PBXResourcesBuildPhase section */

/* Begin PBXSourcesBuildPhase section */
		1E041F992D594EDA00AD86F9 /* Sources */ = {
			isa = PBXSourcesBuildPhase;
			buildActionMask = 2147483647;
			files = (
				1E041FA32D594EDA00AD86F9 /* ContentView.swift in Sources */,
				1E041FB52D5B943A00AD86F9 /* ContentView-ViewModel.swift in Sources */,
				1E041FB32D5B6F8200AD86F9 /* Result.swift in Sources */,
				1E041FAF2D5A49EA00AD86F9 /* Location.swift in Sources */,
				1E041FB12D5B6A7200AD86F9 /* EditView.swift in Sources */,
				1E041FA12D594EDA00AD86F9 /* Project14_BucketListApp.swift in Sources */,
			);
			runOnlyForDeploymentPostprocessing = 0;
		};
/* End PBXSourcesBuildPhase section */

/* Begin XCBuildConfiguration section */
		1E041FA92D594EDF00AD86F9 /* Debug */ = {
			isa = XCBuildConfiguration;
			buildSettings = {
				ALWAYS_SEARCH_USER_PATHS = NO;
				ASSETCATALOG_COMPILER_GENERATE_SWIFT_ASSET_SYMBOL_EXTENSIONS = YES;
				CLANG_ANALYZER_NONNULL = YES;
				CLANG_ANALYZER_NUMBER_OBJECT_CONVERSION = YES_AGGRESSIVE;
				CLANG_CXX_LANGUAGE_STANDARD = "gnu++20";
				CLANG_ENABLE_MODULES = YES;
				CLANG_ENABLE_OBJC_ARC = YES;
				CLANG_ENABLE_OBJC_WEAK = YES;
				CLANG_WARN_BLOCK_CAPTURE_AUTORELEASING = YES;
				CLANG_WARN_BOOL_CONVERSION = YES;
				CLANG_WARN_COMMA = YES;
				CLANG_WARN_CONSTANT_CONVERSION = YES;
				CLANG_WARN_DEPRECATED_OBJC_IMPLEMENTATIONS = YES;
				CLANG_WARN_DIRECT_OBJC_ISA_USAGE = YES_ERROR;
				CLANG_WARN_DOCUMENTATION_COMMENTS = YES;
				CLANG_WARN_EMPTY_BODY = YES;
				CLANG_WARN_ENUM_CONVERSION = YES;
				CLANG_WARN_INFINITE_RECURSION = YES;
				CLANG_WARN_INT_CONVERSION = YES;
				CLANG_WARN_NON_LITERAL_NULL_CONVERSION = YES;
				CLANG_WARN_OBJC_IMPLICIT_RETAIN_SELF = YES;
				CLANG_WARN_OBJC_LITERAL_CONVERSION = YES;
				CLANG_WARN_OBJC_ROOT_CLASS = YES_ERROR;
				CLANG_WARN_QUOTED_INCLUDE_IN_FRAMEWORK_HEADER = YES;
				CLANG_WARN_RANGE_LOOP_ANALYSIS = YES;
				CLANG_WARN_STRICT_PROTOTYPES = YES;
				CLANG_WARN_SUSPICIOUS_MOVE = YES;
				CLANG_WARN_UNGUARDED_AVAILABILITY = YES_AGGRESSIVE;
				CLANG_WARN_UNREACHABLE_CODE = YES;
				CLANG_WARN__DUPLICATE_METHOD_MATCH = YES;
				COPY_PHASE_STRIP = NO;
				DEBUG_INFORMATION_FORMAT = dwarf;
				ENABLE_STRICT_OBJC_MSGSEND = YES;
				ENABLE_TESTABILITY = YES;
				ENABLE_USER_SCRIPT_SANDBOXING = YES;
				GCC_C_LANGUAGE_STANDARD = gnu17;
				GCC_DYNAMIC_NO_PIC = NO;
				GCC_NO_COMMON_BLOCKS = YES;
				GCC_OPTIMIZATION_LEVEL = 0;
				GCC_PREPROCESSOR_DEFINITIONS = (
					"DEBUG=1",
					"$(inherited)",
				);
				GCC_WARN_64_TO_32_BIT_CONVERSION = YES;
				GCC_WARN_ABOUT_RETURN_TYPE = YES_ERROR;
				GCC_WARN_UNDECLARED_SELECTOR = YES;
				GCC_WARN_UNINITIALIZED_AUTOS = YES_AGGRESSIVE;
				GCC_WARN_UNUSED_FUNCTION = YES;
				GCC_WARN_UNUSED_VARIABLE = YES;
				IPHONEOS_DEPLOYMENT_TARGET = 17.2;
				LOCALIZATION_PREFERS_STRING_CATALOGS = YES;
				MTL_ENABLE_DEBUG_INFO = INCLUDE_SOURCE;
				MTL_FAST_MATH = YES;
				ONLY_ACTIVE_ARCH = YES;
				SDKROOT = iphoneos;
				SWIFT_ACTIVE_COMPILATION_CONDITIONS = "DEBUG $(inherited)";
				SWIFT_OPTIMIZATION_LEVEL = "-Onone";
			};
			name = Debug;
		};
		1E041FAA2D594EDF00AD86F9 /* Release */ = {
			isa = XCBuildConfiguration;
			buildSettings = {
				ALWAYS_SEARCH_USER_PATHS = NO;
				ASSETCATALOG_COMPILER_GENERATE_SWIFT_ASSET_SYMBOL_EXTENSIONS = YES;
				CLANG_ANALYZER_NONNULL = YES;
				CLANG_ANALYZER_NUMBER_OBJECT_CONVERSION = YES_AGGRESSIVE;
				CLANG_CXX_LANGUAGE_STANDARD = "gnu++20";
				CLANG_ENABLE_MODULES = YES;
				CLANG_ENABLE_OBJC_ARC = YES;
				CLANG_ENABLE_OBJC_WEAK = YES;
				CLANG_WARN_BLOCK_CAPTURE_AUTORELEASING = YES;
				CLANG_WARN_BOOL_CONVERSION = YES;
				CLANG_WARN_COMMA = YES;
				CLANG_WARN_CONSTANT_CONVERSION = YES;
				CLANG_WARN_DEPRECATED_OBJC_IMPLEMENTATIONS = YES;
				CLANG_WARN_DIRECT_OBJC_ISA_USAGE = YES_ERROR;
				CLANG_WARN_DOCUMENTATION_COMMENTS = YES;
				CLANG_WARN_EMPTY_BODY = YES;
				CLANG_WARN_ENUM_CONVERSION = YES;
				CLANG_WARN_INFINITE_RECURSION = YES;
				CLANG_WARN_INT_CONVERSION = YES;
				CLANG_WARN_NON_LITERAL_NULL_CONVERSION = YES;
				CLANG_WARN_OBJC_IMPLICIT_RETAIN_SELF = YES;
				CLANG_WARN_OBJC_LITERAL_CONVERSION = YES;
				CLANG_WARN_OBJC_ROOT_CLASS = YES_ERROR;
				CLANG_WARN_QUOTED_INCLUDE_IN_FRAMEWORK_HEADER = YES;
				CLANG_WARN_RANGE_LOOP_ANALYSIS = YES;
				CLANG_WARN_STRICT_PROTOTYPES = YES;
				CLANG_WARN_SUSPICIOUS_MOVE = YES;
				CLANG_WARN_UNGUARDED_AVAILABILITY = YES_AGGRESSIVE;
				CLANG_WARN_UNREACHABLE_CODE = YES;
				CLANG_WARN__DUPLICATE_METHOD_MATCH = YES;
				COPY_PHASE_STRIP = NO;
				DEBUG_INFORMATION_FORMAT = "dwarf-with-dsym";
				ENABLE_NS_ASSERTIONS = NO;
				ENABLE_STRICT_OBJC_MSGSEND = YES;
				ENABLE_USER_SCRIPT_SANDBOXING = YES;
				GCC_C_LANGUAGE_STANDARD = gnu17;
				GCC_NO_COMMON_BLOCKS = YES;
				GCC_WARN_64_TO_32_BIT_CONVERSION = YES;
				GCC_WARN_ABOUT_RETURN_TYPE = YES_ERROR;
				GCC_WARN_UNDECLARED_SELECTOR = YES;
				GCC_WARN_UNINITIALIZED_AUTOS = YES_AGGRESSIVE;
				GCC_WARN_UNUSED_FUNCTION = YES;
				GCC_WARN_UNUSED_VARIABLE = YES;
				IPHONEOS_DEPLOYMENT_TARGET = 17.2;
				LOCALIZATION_PREFERS_STRING_CATALOGS = YES;
				MTL_ENABLE_DEBUG_INFO = NO;
				MTL_FAST_MATH = YES;
				SDKROOT = iphoneos;
				SWIFT_COMPILATION_MODE = wholemodule;
				VALIDATE_PRODUCT = YES;
			};
			name = Release;
		};
		1E041FAC2D594EDF00AD86F9 /* Debug */ = {
			isa = XCBuildConfiguration;
			buildSettings = {
				ASSETCATALOG_COMPILER_APPICON_NAME = AppIcon;
				ASSETCATALOG_COMPILER_GLOBAL_ACCENT_COLOR_NAME = AccentColor;
				CODE_SIGN_STYLE = Automatic;
				CURRENT_PROJECT_VERSION = 1;
				DEVELOPMENT_ASSET_PATHS = "\"Project14_BucketList/Preview Content\"";
				DEVELOPMENT_TEAM = JG8KZK844U;
				ENABLE_PREVIEWS = YES;
				GENERATE_INFOPLIST_FILE = YES;
				INFOPLIST_KEY_NSFaceIDUsageDescription = "Please authenticate yourself to unlock places.";
				INFOPLIST_KEY_UIApplicationSceneManifest_Generation = YES;
				INFOPLIST_KEY_UIApplicationSupportsIndirectInputEvents = YES;
				INFOPLIST_KEY_UILaunchScreen_Generation = YES;
				INFOPLIST_KEY_UISupportedInterfaceOrientations_iPad = "UIInterfaceOrientationPortrait UIInterfaceOrientationPortraitUpsideDown UIInterfaceOrientationLandscapeLeft UIInterfaceOrientationLandscapeRight";
				INFOPLIST_KEY_UISupportedInterfaceOrientations_iPhone = "UIInterfaceOrientationPortrait UIInterfaceOrientationLandscapeLeft UIInterfaceOrientationLandscapeRight";
				LD_RUNPATH_SEARCH_PATHS = (
					"$(inherited)",
					"@executable_path/Frameworks",
				);
				MARKETING_VERSION = 1.0;
				PRODUCT_BUNDLE_IDENTIFIER = "com.studyduude.Project14-BucketList";
				PRODUCT_NAME = "$(TARGET_NAME)";
				SWIFT_EMIT_LOC_STRINGS = YES;
				SWIFT_VERSION = 5.0;
				TARGETED_DEVICE_FAMILY = "1,2";
			};
			name = Debug;
		};
		1E041FAD2D594EDF00AD86F9 /* Release */ = {
			isa = XCBuildConfiguration;
			buildSettings = {
				ASSETCATALOG_COMPILER_APPICON_NAME = AppIcon;
				ASSETCATALOG_COMPILER_GLOBAL_ACCENT_COLOR_NAME = AccentColor;
				CODE_SIGN_STYLE = Automatic;
				CURRENT_PROJECT_VERSION = 1;
				DEVELOPMENT_ASSET_PATHS = "\"Project14_BucketList/Preview Content\"";
				DEVELOPMENT_TEAM = JG8KZK844U;
				ENABLE_PREVIEWS = YES;
				GENERATE_INFOPLIST_FILE = YES;
				INFOPLIST_KEY_NSFaceIDUsageDescription = "Please authenticate yourself to unlock places.";
				INFOPLIST_KEY_UIApplicationSceneManifest_Generation = YES;
				INFOPLIST_KEY_UIApplicationSupportsIndirectInputEvents = YES;
				INFOPLIST_KEY_UILaunchScreen_Generation = YES;
				INFOPLIST_KEY_UISupportedInterfaceOrientations_iPad = "UIInterfaceOrientationPortrait UIInterfaceOrientationPortraitUpsideDown UIInterfaceOrientationLandscapeLeft UIInterfaceOrientationLandscapeRight";
				INFOPLIST_KEY_UISupportedInterfaceOrientations_iPhone = "UIInterfaceOrientationPortrait UIInterfaceOrientationLandscapeLeft UIInterfaceOrientationLandscapeRight";
				LD_RUNPATH_SEARCH_PATHS = (
					"$(inherited)",
					"@executable_path/Frameworks",
				);
				MARKETING_VERSION = 1.0;
				PRODUCT_BUNDLE_IDENTIFIER = "com.studyduude.Project14-BucketList";
				PRODUCT_NAME = "$(TARGET_NAME)";
				SWIFT_EMIT_LOC_STRINGS = YES;
				SWIFT_VERSION = 5.0;
				TARGETED_DEVICE_FAMILY = "1,2";
			};
			name = Release;
		};
/* End XCBuildConfiguration section */

/* Begin XCConfigurationList section */
		1E041F982D594EDA00AD86F9 /* Build configuration list for PBXProject "Project14_BucketList" */ = {
			isa = XCConfigurationList;
			buildConfigurations = (
				1E041FA92D594EDF00AD86F9 /* Debug */,
				1E041FAA2D594EDF00AD86F9 /* Release */,
			);
			defaultConfigurationIsVisible = 0;
			defaultConfigurationName = Release;
		};
		1E041FAB2D594EDF00AD86F9 /* Build configuration list for PBXNativeTarget "Project14_BucketList" */ = {
			isa = XCConfigurationList;
			buildConfigurations = (
				1E041FAC2D594EDF00AD86F9 /* Debug */,
				1E041FAD2D594EDF00AD86F9 /* Release */,
			);
			defaultConfigurationIsVisible = 0;
			defaultConfigurationName = Release;
		};
/* End XCConfigurationList section */
	};
	rootObject = 1E041F952D594EDA00AD86F9 /* Project object */;
}
