// !$*UTF8*$!
{
	archiveVersion = 1;
	classes = {
	};
	objectVersion = 56;
	objects = {

/* Begin PBXBuildFile section */
		1E5D47942D3A8F77002E2CAA /* Project11_BookwormApp.swift in Sources */ = {isa = PBXBuildFile; fileRef = 1E5D47932D3A8F77002E2CAA /* Project11_BookwormApp.swift */; };
		1E5D47962D3A8F77002E2CAA /* ContentView.swift in Sources */ = {isa = PBXBuildFile; fileRef = 1E5D47952D3A8F77002E2CAA /* ContentView.swift */; };
		1E5D47982D3A8F80002E2CAA /* Assets.xcassets in Resources */ = {isa = PBXBuildFile; fileRef = 1E5D47972D3A8F80002E2CAA /* Assets.xcassets */; };
		1E5D479B2D3A8F80002E2CAA /* Preview Assets.xcassets in Resources */ = {isa = PBXBuildFile; fileRef = 1E5D479A2D3A8F80002E2CAA /* Preview Assets.xcassets */; };
		1E5D47A22D3A9ADE002E2CAA /* Book.swift in Sources */ = {isa = PBXBuildFile; fileRef = 1E5D47A12D3A9ADE002E2CAA /* Book.swift */; };
		1E5D47A42D3A9B75002E2CAA /* AddBookView.swift in Sources */ = {isa = PBXBuildFile; fileRef = 1E5D47A32D3A9B75002E2CAA /* AddBookView.swift */; };
		1E5D47A62D3AA5AF002E2CAA /* RatingView.swift in Sources */ = {isa = PBXBuildFile; fileRef = 1E5D47A52D3AA5AF002E2CAA /* RatingView.swift */; };
		1E5D47A82D3AA85C002E2CAA /* EmojiRatingView.swift in Sources */ = {isa = PBXBuildFile; fileRef = 1E5D47A72D3AA85C002E2CAA /* EmojiRatingView.swift */; };
		1E5D47AA2D3AAC17002E2CAA /* DetailView.swift in Sources */ = {isa = PBXBuildFile; fileRef = 1E5D47A92D3AAC17002E2CAA /* DetailView.swift */; };
/* End PBXBuildFile section */

/* Begin PBXFileReference section */
		1E5D47902D3A8F77002E2CAA /* Project11_Bookworm.app */ = {isa = PBXFileReference; explicitFileType = wrapper.application; includeInIndex = 0; path = Project11_Bookworm.app; sourceTree = BUILT_PRODUCTS_DIR; };
		1E5D47932D3A8F77002E2CAA /* Project11_BookwormApp.swift */ = {isa = PBXFileReference; lastKnownFileType = sourcecode.swift; path = Project11_BookwormApp.swift; sourceTree = "<group>"; };
		1E5D47952D3A8F77002E2CAA /* ContentView.swift */ = {isa = PBXFileReference; lastKnownFileType = sourcecode.swift; path = ContentView.swift; sourceTree = "<group>"; };
		1E5D47972D3A8F80002E2CAA /* Assets.xcassets */ = {isa = PBXFileReference; lastKnownFileType = folder.assetcatalog; path = Assets.xcassets; sourceTree = "<group>"; };
		1E5D479A2D3A8F80002E2CAA /* Preview Assets.xcassets */ = {isa = PBXFileReference; lastKnownFileType = folder.assetcatalog; path = "Preview Assets.xcassets"; sourceTree = "<group>"; };
		1E5D47A12D3A9ADE002E2CAA /* Book.swift */ = {isa = PBXFileReference; lastKnownFileType = sourcecode.swift; path = Book.swift; sourceTree = "<group>"; };
		1E5D47A32D3A9B75002E2CAA /* AddBookView.swift */ = {isa = PBXFileReference; lastKnownFileType = sourcecode.swift; path = AddBookView.swift; sourceTree = "<group>"; };
		1E5D47A52D3AA5AF002E2CAA /* RatingView.swift */ = {isa = PBXFileReference; lastKnownFileType = sourcecode.swift; path = RatingView.swift; sourceTree = "<group>"; };
		1E5D47A72D3AA85C002E2CAA /* EmojiRatingView.swift */ = {isa = PBXFileReference; lastKnownFileType = sourcecode.swift; path = EmojiRatingView.swift; sourceTree = "<group>"; };
		1E5D47A92D3AAC17002E2CAA /* DetailView.swift */ = {isa = PBXFileReference; lastKnownFileType = sourcecode.swift; path = DetailView.swift; sourceTree = "<group>"; };
/* End PBXFileReference section */

/* Begin PBXFrameworksBuildPhase section */
		1E5D478D2D3A8F77002E2CAA /* Frameworks */ = {
			isa = PBXFrameworksBuildPhase;
			buildActionMask = 2147483647;
			files = (
			);
			runOnlyForDeploymentPostprocessing = 0;
		};
/* End PBXFrameworksBuildPhase section */

/* Begin PBXGroup section */
		1E5D47872D3A8F77002E2CAA = {
			isa = PBXGroup;
			children = (
				1E5D47922D3A8F77002E2CAA /* Project11_Bookworm */,
				1E5D47912D3A8F77002E2CAA /* Products */,
			);
			sourceTree = "<group>";
		};
		1E5D47912D3A8F77002E2CAA /* Products */ = {
			isa = PBXGroup;
			children = (
				1E5D47902D3A8F77002E2CAA /* Project11_Bookworm.app */,
			);
			name = Products;
			sourceTree = "<group>";
		};
		1E5D47922D3A8F77002E2CAA /* Project11_Bookworm */ = {
			isa = PBXGroup;
			children = (
				1E5D47932D3A8F77002E2CAA /* Project11_BookwormApp.swift */,
				1E5D47A32D3A9B75002E2CAA /* AddBookView.swift */,
				1E5D47952D3A8F77002E2CAA /* ContentView.swift */,
				1E5D47A52D3AA5AF002E2CAA /* RatingView.swift */,
				1E5D47A72D3AA85C002E2CAA /* EmojiRatingView.swift */,
				1E5D47A92D3AAC17002E2CAA /* DetailView.swift */,
				1E5D47A12D3A9ADE002E2CAA /* Book.swift */,
				1E5D47972D3A8F80002E2CAA /* Assets.xcassets */,
				1E5D47992D3A8F80002E2CAA /* Preview Content */,
			);
			path = Project11_Bookworm;
			sourceTree = "<group>";
		};
		1E5D47992D3A8F80002E2CAA /* Preview Content */ = {
			isa = PBXGroup;
			children = (
				1E5D479A2D3A8F80002E2CAA /* Preview Assets.xcassets */,
			);
			path = "Preview Content";
			sourceTree = "<group>";
		};
/* End PBXGroup section */

/* Begin PBXNativeTarget section */
		1E5D478F2D3A8F77002E2CAA /* Project11_Bookworm */ = {
			isa = PBXNativeTarget;
			buildConfigurationList = 1E5D479E2D3A8F80002E2CAA /* Build configuration list for PBXNativeTarget "Project11_Bookworm" */;
			buildPhases = (
				1E5D478C2D3A8F77002E2CAA /* Sources */,
				1E5D478D2D3A8F77002E2CAA /* Frameworks */,
				1E5D478E2D3A8F77002E2CAA /* Resources */,
			);
			buildRules = (
			);
			dependencies = (
			);
			name = Project11_Bookworm;
			productName = Project11_Bookworm;
			productReference = 1E5D47902D3A8F77002E2CAA /* Project11_Bookworm.app */;
			productType = "com.apple.product-type.application";
		};
/* End PBXNativeTarget section */

/* Begin PBXProject section */
		1E5D47882D3A8F77002E2CAA /* Project object */ = {
			isa = PBXProject;
			attributes = {
				BuildIndependentTargetsInParallel = 1;
				LastSwiftUpdateCheck = 1520;
				LastUpgradeCheck = 1520;
				TargetAttributes = {
					1E5D478F2D3A8F77002E2CAA = {
						CreatedOnToolsVersion = 15.2;
					};
				};
			};
			buildConfigurationList = 1E5D478B2D3A8F77002E2CAA /* Build configuration list for PBXProject "Project11_Bookworm" */;
			compatibilityVersion = "Xcode 14.0";
			developmentRegion = en;
			hasScannedForEncodings = 0;
			knownRegions = (
				en,
				Base,
			);
			mainGroup = 1E5D47872D3A8F77002E2CAA;
			productRefGroup = 1E5D47912D3A8F77002E2CAA /* Products */;
			projectDirPath = "";
			projectRoot = "";
			targets = (
				1E5D478F2D3A8F77002E2CAA /* Project11_Bookworm */,
			);
		};
/* End PBXProject section */

/* Begin PBXResourcesBuildPhase section */
		1E5D478E2D3A8F77002E2CAA /* Resources */ = {
			isa = PBXResourcesBuildPhase;
			buildActionMask = 2147483647;
			files = (
				1E5D479B2D3A8F80002E2CAA /* Preview Assets.xcassets in Resources */,
				1E5D47982D3A8F80002E2CAA /* Assets.xcassets in Resources */,
			);
			runOnlyForDeploymentPostprocessing = 0;
		};
/* End PBXResourcesBuildPhase section */

/* Begin PBXSourcesBuildPhase section */
		1E5D478C2D3A8F77002E2CAA /* Sources */ = {
			isa = PBXSourcesBuildPhase;
			buildActionMask = 2147483647;
			files = (
				1E5D47962D3A8F77002E2CAA /* ContentView.swift in Sources */,
				1E5D47942D3A8F77002E2CAA /* Project11_BookwormApp.swift in Sources */,
				1E5D47A22D3A9ADE002E2CAA /* Book.swift in Sources */,
				1E5D47AA2D3AAC17002E2CAA /* DetailView.swift in Sources */,
				1E5D47A62D3AA5AF002E2CAA /* RatingView.swift in Sources */,
				1E5D47A82D3AA85C002E2CAA /* EmojiRatingView.swift in Sources */,
				1E5D47A42D3A9B75002E2CAA /* AddBookView.swift in Sources */,
			);
			runOnlyForDeploymentPostprocessing = 0;
		};
/* End PBXSourcesBuildPhase section */

/* Begin XCBuildConfiguration section */
		1E5D479C2D3A8F80002E2CAA /* Debug */ = {
			isa = XCBuildConfiguration;
			buildSettings = {
				ALWAYS_SEARCH_USER_PATHS = NO;
				ASSETCATALOG_COMPILER_GENERATE_SWIFT_ASSET_SYMBOL_EXTENSIONS = YES;
				CLANG_ANALYZER_NONNULL = YES;
				CLANG_ANALYZER_NUMBER_OBJECT_CONVERSION = YES_AGGRESSIVE;
				CLANG_CXX_LANGUAGE_STANDARD = "gnu++20";
				CLANG_ENABLE_MODULES = YES;
				CLANG_ENABLE_OBJC_ARC = YES;
				CLANG_ENABLE_OBJC_WEAK = YES;
				CLANG_WARN_BLOCK_CAPTURE_AUTORELEASING = YES;
				CLANG_WARN_BOOL_CONVERSION = YES;
				CLANG_WARN_COMMA = YES;
				CLANG_WARN_CONSTANT_CONVERSION = YES;
				CLANG_WARN_DEPRECATED_OBJC_IMPLEMENTATIONS = YES;
				CLANG_WARN_DIRECT_OBJC_ISA_USAGE = YES_ERROR;
				CLANG_WARN_DOCUMENTATION_COMMENTS = YES;
				CLANG_WARN_EMPTY_BODY = YES;
				CLANG_WARN_ENUM_CONVERSION = YES;
				CLANG_WARN_INFINITE_RECURSION = YES;
				CLANG_WARN_INT_CONVERSION = YES;
				CLANG_WARN_NON_LITERAL_NULL_CONVERSION = YES;
				CLANG_WARN_OBJC_IMPLICIT_RETAIN_SELF = YES;
				CLANG_WARN_OBJC_LITERAL_CONVERSION = YES;
				CLANG_WARN_OBJC_ROOT_CLASS = YES_ERROR;
				CLANG_WARN_QUOTED_INCLUDE_IN_FRAMEWORK_HEADER = YES;
				CLANG_WARN_RANGE_LOOP_ANALYSIS = YES;
				CLANG_WARN_STRICT_PROTOTYPES = YES;
				CLANG_WARN_SUSPICIOUS_MOVE = YES;
				CLANG_WARN_UNGUARDED_AVAILABILITY = YES_AGGRESSIVE;
				CLANG_WARN_UNREACHABLE_CODE = YES;
				CLANG_WARN__DUPLICATE_METHOD_MATCH = YES;
				COPY_PHASE_STRIP = NO;
				DEBUG_INFORMATION_FORMAT = dwarf;
				ENABLE_STRICT_OBJC_MSGSEND = YES;
				ENABLE_TESTABILITY = YES;
				ENABLE_USER_SCRIPT_SANDBOXING = YES;
				GCC_C_LANGUAGE_STANDARD = gnu17;
				GCC_DYNAMIC_NO_PIC = NO;
				GCC_NO_COMMON_BLOCKS = YES;
				GCC_OPTIMIZATION_LEVEL = 0;
				GCC_PREPROCESSOR_DEFINITIONS = (
					"DEBUG=1",
					"$(inherited)",
				);
				GCC_WARN_64_TO_32_BIT_CONVERSION = YES;
				GCC_WARN_ABOUT_RETURN_TYPE = YES_ERROR;
				GCC_WARN_UNDECLARED_SELECTOR = YES;
				GCC_WARN_UNINITIALIZED_AUTOS = YES_AGGRESSIVE;
				GCC_WARN_UNUSED_FUNCTION = YES;
				GCC_WARN_UNUSED_VARIABLE = YES;
				IPHONEOS_DEPLOYMENT_TARGET = 17.2;
				LOCALIZATION_PREFERS_STRING_CATALOGS = YES;
				MTL_ENABLE_DEBUG_INFO = INCLUDE_SOURCE;
				MTL_FAST_MATH = YES;
				ONLY_ACTIVE_ARCH = YES;
				SDKROOT = iphoneos;
				SWIFT_ACTIVE_COMPILATION_CONDITIONS = "DEBUG $(inherited)";
				SWIFT_OPTIMIZATION_LEVEL = "-Onone";
			};
			name = Debug;
		};
		1E5D479D2D3A8F80002E2CAA /* Release */ = {
			isa = XCBuildConfiguration;
			buildSettings = {
				ALWAYS_SEARCH_USER_PATHS = NO;
				ASSETCATALOG_COMPILER_GENERATE_SWIFT_ASSET_SYMBOL_EXTENSIONS = YES;
				CLANG_ANALYZER_NONNULL = YES;
				CLANG_ANALYZER_NUMBER_OBJECT_CONVERSION = YES_AGGRESSIVE;
				CLANG_CXX_LANGUAGE_STANDARD = "gnu++20";
				CLANG_ENABLE_MODULES = YES;
				CLANG_ENABLE_OBJC_ARC = YES;
				CLANG_ENABLE_OBJC_WEAK = YES;
				CLANG_WARN_BLOCK_CAPTURE_AUTORELEASING = YES;
				CLANG_WARN_BOOL_CONVERSION = YES;
				CLANG_WARN_COMMA = YES;
				CLANG_WARN_CONSTANT_CONVERSION = YES;
				CLANG_WARN_DEPRECATED_OBJC_IMPLEMENTATIONS = YES;
				CLANG_WARN_DIRECT_OBJC_ISA_USAGE = YES_ERROR;
				CLANG_WARN_DOCUMENTATION_COMMENTS = YES;
				CLANG_WARN_EMPTY_BODY = YES;
				CLANG_WARN_ENUM_CONVERSION = YES;
				CLANG_WARN_INFINITE_RECURSION = YES;
				CLANG_WARN_INT_CONVERSION = YES;
				CLANG_WARN_NON_LITERAL_NULL_CONVERSION = YES;
				CLANG_WARN_OBJC_IMPLICIT_RETAIN_SELF = YES;
				CLANG_WARN_OBJC_LITERAL_CONVERSION = YES;
				CLANG_WARN_OBJC_ROOT_CLASS = YES_ERROR;
				CLANG_WARN_QUOTED_INCLUDE_IN_FRAMEWORK_HEADER = YES;
				CLANG_WARN_RANGE_LOOP_ANALYSIS = YES;
				CLANG_WARN_STRICT_PROTOTYPES = YES;
				CLANG_WARN_SUSPICIOUS_MOVE = YES;
				CLANG_WARN_UNGUARDED_AVAILABILITY = YES_AGGRESSIVE;
				CLANG_WARN_UNREACHABLE_CODE = YES;
				CLANG_WARN__DUPLICATE_METHOD_MATCH = YES;
				COPY_PHASE_STRIP = NO;
				DEBUG_INFORMATION_FORMAT = "dwarf-with-dsym";
				ENABLE_NS_ASSERTIONS = NO;
				ENABLE_STRICT_OBJC_MSGSEND = YES;
				ENABLE_USER_SCRIPT_SANDBOXING = YES;
				GCC_C_LANGUAGE_STANDARD = gnu17;
				GCC_NO_COMMON_BLOCKS = YES;
				GCC_WARN_64_TO_32_BIT_CONVERSION = YES;
				GCC_WARN_ABOUT_RETURN_TYPE = YES_ERROR;
				GCC_WARN_UNDECLARED_SELECTOR = YES;
				GCC_WARN_UNINITIALIZED_AUTOS = YES_AGGRESSIVE;
				GCC_WARN_UNUSED_FUNCTION = YES;
				GCC_WARN_UNUSED_VARIABLE = YES;
				IPHONEOS_DEPLOYMENT_TARGET = 17.2;
				LOCALIZATION_PREFERS_STRING_CATALOGS = YES;
				MTL_ENABLE_DEBUG_INFO = NO;
				MTL_FAST_MATH = YES;
				SDKROOT = iphoneos;
				SWIFT_COMPILATION_MODE = wholemodule;
				VALIDATE_PRODUCT = YES;
			};
			name = Release;
		};
		1E5D479F2D3A8F80002E2CAA /* Debug */ = {
			isa = XCBuildConfiguration;
			buildSettings = {
				ASSETCATALOG_COMPILER_APPICON_NAME = AppIcon;
				ASSETCATALOG_COMPILER_GLOBAL_ACCENT_COLOR_NAME = AccentColor;
				CODE_SIGN_STYLE = Automatic;
				CURRENT_PROJECT_VERSION = 1;
				DEVELOPMENT_ASSET_PATHS = "\"Project11_Bookworm/Preview Content\"";
				DEVELOPMENT_TEAM = JG8KZK844U;
				ENABLE_PREVIEWS = YES;
				GENERATE_INFOPLIST_FILE = YES;
				INFOPLIST_KEY_UIApplicationSceneManifest_Generation = YES;
				INFOPLIST_KEY_UIApplicationSupportsIndirectInputEvents = YES;
				INFOPLIST_KEY_UILaunchScreen_Generation = YES;
				INFOPLIST_KEY_UISupportedInterfaceOrientations_iPad = "UIInterfaceOrientationPortrait UIInterfaceOrientationPortraitUpsideDown UIInterfaceOrientationLandscapeLeft UIInterfaceOrientationLandscapeRight";
				INFOPLIST_KEY_UISupportedInterfaceOrientations_iPhone = "UIInterfaceOrientationPortrait UIInterfaceOrientationLandscapeLeft UIInterfaceOrientationLandscapeRight";
				LD_RUNPATH_SEARCH_PATHS = (
					"$(inherited)",
					"@executable_path/Frameworks",
				);
				MARKETING_VERSION = 1.0;
				PRODUCT_BUNDLE_IDENTIFIER = "com.studyduude.Project11-Bookworm";
				PRODUCT_NAME = "$(TARGET_NAME)";
				SWIFT_EMIT_LOC_STRINGS = YES;
				SWIFT_VERSION = 5.0;
				TARGETED_DEVICE_FAMILY = "1,2";
			};
			name = Debug;
		};
		1E5D47A02D3A8F80002E2CAA /* Release */ = {
			isa = XCBuildConfiguration;
			buildSettings = {
				ASSETCATALOG_COMPILER_APPICON_NAME = AppIcon;
				ASSETCATALOG_COMPILER_GLOBAL_ACCENT_COLOR_NAME = AccentColor;
				CODE_SIGN_STYLE = Automatic;
				CURRENT_PROJECT_VERSION = 1;
				DEVELOPMENT_ASSET_PATHS = "\"Project11_Bookworm/Preview Content\"";
				DEVELOPMENT_TEAM = JG8KZK844U;
				ENABLE_PREVIEWS = YES;
				GENERATE_INFOPLIST_FILE = YES;
				INFOPLIST_KEY_UIApplicationSceneManifest_Generation = YES;
				INFOPLIST_KEY_UIApplicationSupportsIndirectInputEvents = YES;
				INFOPLIST_KEY_UILaunchScreen_Generation = YES;
				INFOPLIST_KEY_UISupportedInterfaceOrientations_iPad = "UIInterfaceOrientationPortrait UIInterfaceOrientationPortraitUpsideDown UIInterfaceOrientationLandscapeLeft UIInterfaceOrientationLandscapeRight";
				INFOPLIST_KEY_UISupportedInterfaceOrientations_iPhone = "UIInterfaceOrientationPortrait UIInterfaceOrientationLandscapeLeft UIInterfaceOrientationLandscapeRight";
				LD_RUNPATH_SEARCH_PATHS = (
					"$(inherited)",
					"@executable_path/Frameworks",
				);
				MARKETING_VERSION = 1.0;
				PRODUCT_BUNDLE_IDENTIFIER = "com.studyduude.Project11-Bookworm";
				PRODUCT_NAME = "$(TARGET_NAME)";
				SWIFT_EMIT_LOC_STRINGS = YES;
				SWIFT_VERSION = 5.0;
				TARGETED_DEVICE_FAMILY = "1,2";
			};
			name = Release;
		};
/* End XCBuildConfiguration section */

/* Begin XCConfigurationList section */
		1E5D478B2D3A8F77002E2CAA /* Build configuration list for PBXProject "Project11_Bookworm" */ = {
			isa = XCConfigurationList;
			buildConfigurations = (
				1E5D479C2D3A8F80002E2CAA /* Debug */,
				1E5D479D2D3A8F80002E2CAA /* Release */,
			);
			defaultConfigurationIsVisible = 0;
			defaultConfigurationName = Release;
		};
		1E5D479E2D3A8F80002E2CAA /* Build configuration list for PBXNativeTarget "Project11_Bookworm" */ = {
			isa = XCConfigurationList;
			buildConfigurations = (
				1E5D479F2D3A8F80002E2CAA /* Debug */,
				1E5D47A02D3A8F80002E2CAA /* Release */,
			);
			defaultConfigurationIsVisible = 0;
			defaultConfigurationName = Release;
		};
/* End XCConfigurationList section */
	};
	rootObject = 1E5D47882D3A8F77002E2CAA /* Project object */;
}
